// !$*UTF8*$!
{
	archiveVersion = 1;
	classes = {
	};
	objectVersion = 50;
	objects = {

/* Begin PBXBuildFile section */
		1D856C8221F1411000E16363 /* Transformations.cpp in Sources */ = {isa = PBXBuildFile; fileRef = 1D856C7021F1410F00E16363 /* Transformations.cpp */; };
		1D856C8321F1411000E16363 /* application.cpp in Sources */ = {isa = PBXBuildFile; fileRef = 1D856C7421F1410F00E16363 /* application.cpp */; };
		1D856C8421F1411000E16363 /* Object3D.cpp in Sources */ = {isa = PBXBuildFile; fileRef = 1D856C7621F1410F00E16363 /* Object3D.cpp */; };
		1D856C8521F1411000E16363 /* Shaders.cpp in Sources */ = {isa = PBXBuildFile; fileRef = 1D856C7821F1410F00E16363 /* Shaders.cpp */; };
		1D856C8621F1411000E16363 /* Atlas.cpp in Sources */ = {isa = PBXBuildFile; fileRef = 1D856C7C21F1411000E16363 /* Atlas.cpp */; };
		1D856C8721F1411000E16363 /* OpenGL.cpp in Sources */ = {isa = PBXBuildFile; fileRef = 1D856C8021F1411000E16363 /* OpenGL.cpp */; };
		1D856C8821F1411000E16363 /* OpenGLGeometry.cpp in Sources */ = {isa = PBXBuildFile; fileRef = 1D856C8121F1411000E16363 /* OpenGLGeometry.cpp */; };
		1D856C8B21F141C800E16363 /* OpenGL.framework in Frameworks */ = {isa = PBXBuildFile; fileRef = 1D856C8A21F141C800E16363 /* OpenGL.framework */; };
		1D856C8D21F1427B00E16363 /* libarmadillo.9.20.6.dylib in Frameworks */ = {isa = PBXBuildFile; fileRef = 1D856C8C21F1427B00E16363 /* libarmadillo.9.20.6.dylib */; };
		1D856C8F21F1429100E16363 /* libfreetype.6.dylib in Frameworks */ = {isa = PBXBuildFile; fileRef = 1D856C8E21F1429100E16363 /* libfreetype.6.dylib */; };
		1D856C9121F142AB00E16363 /* libglfw.3.2.dylib in Frameworks */ = {isa = PBXBuildFile; fileRef = 1D856C9021F142AB00E16363 /* libglfw.3.2.dylib */; };
		1D856C9A21F146BD00E16363 /* BallAux.cpp in Sources */ = {isa = PBXBuildFile; fileRef = 1D856C9421F146BD00E16363 /* BallAux.cpp */; };
		1D856C9B21F146BD00E16363 /* BallMath.cpp in Sources */ = {isa = PBXBuildFile; fileRef = 1D856C9821F146BD00E16363 /* BallMath.cpp */; };
		1D856C9C21F146BD00E16363 /* Ball.cpp in Sources */ = {isa = PBXBuildFile; fileRef = 1D856C9921F146BD00E16363 /* Ball.cpp */; };
/* End PBXBuildFile section */

/* Begin PBXCopyFilesBuildPhase section */
		1D856C6221F1407D00E16363 /* CopyFiles */ = {
			isa = PBXCopyFilesBuildPhase;
			buildActionMask = 2147483647;
			dstPath = /usr/share/man/man1/;
			dstSubfolderSpec = 0;
			files = (
			);
			runOnlyForDeploymentPostprocessing = 1;
		};
/* End PBXCopyFilesBuildPhase section */

/* Begin PBXFileReference section */
		1D856C6421F1407D00E16363 /* RTRendering */ = {isa = PBXFileReference; explicitFileType = "compiled.mach-o.executable"; includeInIndex = 0; path = RTRendering; sourceTree = BUILT_PRODUCTS_DIR; };
		1D856C6E21F1410F00E16363 /* OpenGLGeometry.h */ = {isa = PBXFileReference; fileEncoding = 4; lastKnownFileType = sourcecode.c.h; path = OpenGLGeometry.h; sourceTree = "<group>"; };
		1D856C6F21F1410F00E16363 /* README.md */ = {isa = PBXFileReference; fileEncoding = 4; lastKnownFileType = net.daringfireball.markdown; path = README.md; sourceTree = "<group>"; };
		1D856C7021F1410F00E16363 /* Transformations.cpp */ = {isa = PBXFileReference; fileEncoding = 4; lastKnownFileType = sourcecode.cpp.cpp; path = Transformations.cpp; sourceTree = "<group>"; };
		1D856C7221F1410F00E16363 /* Object3D.h */ = {isa = PBXFileReference; fileEncoding = 4; lastKnownFileType = sourcecode.c.h; path = Object3D.h; sourceTree = "<group>"; };
		1D856C7421F1410F00E16363 /* application.cpp */ = {isa = PBXFileReference; fileEncoding = 4; lastKnownFileType = sourcecode.cpp.cpp; path = application.cpp; sourceTree = "<group>"; };
		1D856C7521F1410F00E16363 /* Transformations.h */ = {isa = PBXFileReference; fileEncoding = 4; lastKnownFileType = sourcecode.c.h; path = Transformations.h; sourceTree = "<group>"; };
		1D856C7621F1410F00E16363 /* Object3D.cpp */ = {isa = PBXFileReference; fileEncoding = 4; lastKnownFileType = sourcecode.cpp.cpp; path = Object3D.cpp; sourceTree = "<group>"; };
		1D856C7721F1410F00E16363 /* Atlas.h */ = {isa = PBXFileReference; fileEncoding = 4; lastKnownFileType = sourcecode.c.h; path = Atlas.h; sourceTree = "<group>"; };
		1D856C7821F1410F00E16363 /* Shaders.cpp */ = {isa = PBXFileReference; fileEncoding = 4; lastKnownFileType = sourcecode.cpp.cpp; path = Shaders.cpp; sourceTree = "<group>"; };
		1D856C7921F1411000E16363 /* Resources */ = {isa = PBXFileReference; lastKnownFileType = folder; path = Resources; sourceTree = "<group>"; };
		1D856C7A21F1411000E16363 /* Shaders.h */ = {isa = PBXFileReference; fileEncoding = 4; lastKnownFileType = sourcecode.c.h; path = Shaders.h; sourceTree = "<group>"; };
		1D856C7B21F1411000E16363 /* CMakeLists.txt */ = {isa = PBXFileReference; fileEncoding = 4; lastKnownFileType = text; path = CMakeLists.txt; sourceTree = "<group>"; };
		1D856C7C21F1411000E16363 /* Atlas.cpp */ = {isa = PBXFileReference; fileEncoding = 4; lastKnownFileType = sourcecode.cpp.cpp; path = Atlas.cpp; sourceTree = "<group>"; };
		1D856C7E21F1411000E16363 /* OpenGL.h */ = {isa = PBXFileReference; fileEncoding = 4; lastKnownFileType = sourcecode.c.h; path = OpenGL.h; sourceTree = "<group>"; };
		1D856C7F21F1411000E16363 /* Configuration.h */ = {isa = PBXFileReference; fileEncoding = 4; lastKnownFileType = sourcecode.c.h; path = Configuration.h; sourceTree = "<group>"; };
		1D856C8021F1411000E16363 /* OpenGL.cpp */ = {isa = PBXFileReference; fileEncoding = 4; lastKnownFileType = sourcecode.cpp.cpp; path = OpenGL.cpp; sourceTree = "<group>"; wrapsLines = 1; };
		1D856C8121F1411000E16363 /* OpenGLGeometry.cpp */ = {isa = PBXFileReference; fileEncoding = 4; lastKnownFileType = sourcecode.cpp.cpp; path = OpenGLGeometry.cpp; sourceTree = "<group>"; };
		1D856C8A21F141C800E16363 /* OpenGL.framework */ = {isa = PBXFileReference; lastKnownFileType = wrapper.framework; name = OpenGL.framework; path = System/Library/Frameworks/OpenGL.framework; sourceTree = SDKROOT; };
		1D856C8C21F1427B00E16363 /* libarmadillo.9.20.6.dylib */ = {isa = PBXFileReference; lastKnownFileType = "compiled.mach-o.dylib"; name = libarmadillo.9.20.6.dylib; path = ../../../../usr/local/lib/libarmadillo.9.20.6.dylib; sourceTree = "<group>"; };
		1D856C8E21F1429100E16363 /* libfreetype.6.dylib */ = {isa = PBXFileReference; lastKnownFileType = "compiled.mach-o.dylib"; name = libfreetype.6.dylib; path = ../../../../usr/local/lib/libfreetype.6.dylib; sourceTree = "<group>"; };
		1D856C9021F142AB00E16363 /* libglfw.3.2.dylib */ = {isa = PBXFileReference; lastKnownFileType = "compiled.mach-o.dylib"; name = libglfw.3.2.dylib; path = ../../../../usr/local/lib/libglfw.3.2.dylib; sourceTree = "<group>"; };
		1D856C9321F146BD00E16363 /* BallMath.h */ = {isa = PBXFileReference; fileEncoding = 4; lastKnownFileType = sourcecode.c.h; path = BallMath.h; sourceTree = "<group>"; };
		1D856C9421F146BD00E16363 /* BallAux.cpp */ = {isa = PBXFileReference; fileEncoding = 4; lastKnownFileType = sourcecode.cpp.cpp; path = BallAux.cpp; sourceTree = "<group>"; };
		1D856C9521F146BD00E16363 /* Ball.h */ = {isa = PBXFileReference; fileEncoding = 4; lastKnownFileType = sourcecode.c.h; path = Ball.h; sourceTree = "<group>"; };
		1D856C9621F146BD00E16363 /* BallAux.h */ = {isa = PBXFileReference; fileEncoding = 4; lastKnownFileType = sourcecode.c.h; path = BallAux.h; sourceTree = "<group>"; };
		1D856C9721F146BD00E16363 /* README.md */ = {isa = PBXFileReference; fileEncoding = 4; lastKnownFileType = net.daringfireball.markdown; path = README.md; sourceTree = "<group>"; };
		1D856C9821F146BD00E16363 /* BallMath.cpp */ = {isa = PBXFileReference; fileEncoding = 4; lastKnownFileType = sourcecode.cpp.cpp; path = BallMath.cpp; sourceTree = "<group>"; };
		1D856C9921F146BD00E16363 /* Ball.cpp */ = {isa = PBXFileReference; fileEncoding = 4; lastKnownFileType = sourcecode.cpp.cpp; path = Ball.cpp; sourceTree = "<group>"; };
/* End PBXFileReference section */

/* Begin PBXFrameworksBuildPhase section */
		1D856C6121F1407D00E16363 /* Frameworks */ = {
			isa = PBXFrameworksBuildPhase;
			buildActionMask = 2147483647;
			files = (
				1D856C9121F142AB00E16363 /* libglfw.3.2.dylib in Frameworks */,
				1D856C8F21F1429100E16363 /* libfreetype.6.dylib in Frameworks */,
				1D856C8D21F1427B00E16363 /* libarmadillo.9.20.6.dylib in Frameworks */,
				1D856C8B21F141C800E16363 /* OpenGL.framework in Frameworks */,
			);
			runOnlyForDeploymentPostprocessing = 0;
		};
/* End PBXFrameworksBuildPhase section */

/* Begin PBXGroup section */
		1D856C5B21F1407D00E16363 = {
			isa = PBXGroup;
			children = (
				1D856C6621F1407D00E16363 /* RTRendering */,
				1D856C6521F1407D00E16363 /* Products */,
				1D856C8921F141C700E16363 /* Frameworks */,
			);
			sourceTree = "<group>";
		};
		1D856C6521F1407D00E16363 /* Products */ = {
			isa = PBXGroup;
			children = (
				1D856C6421F1407D00E16363 /* RTRendering */,
			);
			name = Products;
			sourceTree = "<group>";
		};
		1D856C6621F1407D00E16363 /* RTRendering */ = {
			isa = PBXGroup;
			children = (
				1D856C9221F146BD00E16363 /* ArcBall */,
				1D856C7421F1410F00E16363 /* application.cpp */,
				1D856C7C21F1411000E16363 /* Atlas.cpp */,
				1D856C7721F1410F00E16363 /* Atlas.h */,
				1D856C7B21F1411000E16363 /* CMakeLists.txt */,
				1D856C7F21F1411000E16363 /* Configuration.h */,
				1D856C7621F1410F00E16363 /* Object3D.cpp */,
				1D856C7221F1410F00E16363 /* Object3D.h */,
				1D856C8021F1411000E16363 /* OpenGL.cpp */,
				1D856C7E21F1411000E16363 /* OpenGL.h */,
				1D856C8121F1411000E16363 /* OpenGLGeometry.cpp */,
				1D856C6E21F1410F00E16363 /* OpenGLGeometry.h */,
				1D856C6F21F1410F00E16363 /* README.md */,
				1D856C7821F1410F00E16363 /* Shaders.cpp */,
				1D856C7A21F1411000E16363 /* Shaders.h */,
				1D856C7021F1410F00E16363 /* Transformations.cpp */,
				1D856C7521F1410F00E16363 /* Transformations.h */,
				1D856C7921F1411000E16363 /* Resources */,
			);
			path = RTRendering;
			sourceTree = "<group>";
		};
		1D856C8921F141C700E16363 /* Frameworks */ = {
			isa = PBXGroup;
			children = (
				1D856C9021F142AB00E16363 /* libglfw.3.2.dylib */,
				1D856C8E21F1429100E16363 /* libfreetype.6.dylib */,
				1D856C8C21F1427B00E16363 /* libarmadillo.9.20.6.dylib */,
				1D856C8A21F141C800E16363 /* OpenGL.framework */,
			);
			name = Frameworks;
			sourceTree = "<group>";
		};
		1D856C9221F146BD00E16363 /* ArcBall */ = {
			isa = PBXGroup;
			children = (
				1D856C9321F146BD00E16363 /* BallMath.h */,
				1D856C9421F146BD00E16363 /* BallAux.cpp */,
				1D856C9521F146BD00E16363 /* Ball.h */,
				1D856C9621F146BD00E16363 /* BallAux.h */,
				1D856C9721F146BD00E16363 /* README.md */,
				1D856C9821F146BD00E16363 /* BallMath.cpp */,
				1D856C9921F146BD00E16363 /* Ball.cpp */,
			);
			path = ArcBall;
			sourceTree = "<group>";
		};
/* End PBXGroup section */

/* Begin PBXNativeTarget section */
		1D856C6321F1407D00E16363 /* RTRendering */ = {
			isa = PBXNativeTarget;
			buildConfigurationList = 1D856C6B21F1407D00E16363 /* Build configuration list for PBXNativeTarget "RTRendering" */;
			buildPhases = (
				1D856C6021F1407D00E16363 /* Sources */,
				1D856C6121F1407D00E16363 /* Frameworks */,
				1D856C6221F1407D00E16363 /* CopyFiles */,
			);
			buildRules = (
			);
			dependencies = (
			);
			name = RTRendering;
			productName = RTRendering;
			productReference = 1D856C6421F1407D00E16363 /* RTRendering */;
			productType = "com.apple.product-type.tool";
		};
/* End PBXNativeTarget section */

/* Begin PBXProject section */
		1D856C5C21F1407D00E16363 /* Project object */ = {
			isa = PBXProject;
			attributes = {
				LastUpgradeCheck = 1010;
				ORGANIZATIONNAME = "Im YoungMin";
				TargetAttributes = {
					1D856C6321F1407D00E16363 = {
						CreatedOnToolsVersion = 10.1;
					};
				};
			};
			buildConfigurationList = 1D856C5F21F1407D00E16363 /* Build configuration list for PBXProject "RTRendering" */;
			compatibilityVersion = "Xcode 9.3";
			developmentRegion = en;
			hasScannedForEncodings = 0;
			knownRegions = (
				en,
			);
			mainGroup = 1D856C5B21F1407D00E16363;
			productRefGroup = 1D856C6521F1407D00E16363 /* Products */;
			projectDirPath = "";
			projectRoot = "";
			targets = (
				1D856C6321F1407D00E16363 /* RTRendering */,
			);
		};
/* End PBXProject section */

/* Begin PBXSourcesBuildPhase section */
		1D856C6021F1407D00E16363 /* Sources */ = {
			isa = PBXSourcesBuildPhase;
			buildActionMask = 2147483647;
			files = (
				1D856C9B21F146BD00E16363 /* BallMath.cpp in Sources */,
				1D856C8221F1411000E16363 /* Transformations.cpp in Sources */,
				1D856C8321F1411000E16363 /* application.cpp in Sources */,
				1D856C8521F1411000E16363 /* Shaders.cpp in Sources */,
				1D856C9C21F146BD00E16363 /* Ball.cpp in Sources */,
				1D856C8821F1411000E16363 /* OpenGLGeometry.cpp in Sources */,
				1D856C8421F1411000E16363 /* Object3D.cpp in Sources */,
				1D856C9A21F146BD00E16363 /* BallAux.cpp in Sources */,
				1D856C8721F1411000E16363 /* OpenGL.cpp in Sources */,
				1D856C8621F1411000E16363 /* Atlas.cpp in Sources */,
			);
			runOnlyForDeploymentPostprocessing = 0;
		};
/* End PBXSourcesBuildPhase section */

/* Begin XCBuildConfiguration section */
		1D856C6921F1407D00E16363 /* Debug */ = {
			isa = XCBuildConfiguration;
			buildSettings = {
				ALWAYS_SEARCH_USER_PATHS = NO;
				CLANG_ANALYZER_NONNULL = YES;
				CLANG_ANALYZER_NUMBER_OBJECT_CONVERSION = YES_AGGRESSIVE;
				CLANG_CXX_LANGUAGE_STANDARD = "gnu++14";
				CLANG_CXX_LIBRARY = "libc++";
				CLANG_ENABLE_MODULES = YES;
				CLANG_ENABLE_OBJC_ARC = YES;
				CLANG_ENABLE_OBJC_WEAK = YES;
				CLANG_WARN_BLOCK_CAPTURE_AUTORELEASING = YES;
				CLANG_WARN_BOOL_CONVERSION = YES;
				CLANG_WARN_COMMA = YES;
				CLANG_WARN_CONSTANT_CONVERSION = YES;
				CLANG_WARN_DEPRECATED_OBJC_IMPLEMENTATIONS = YES;
				CLANG_WARN_DIRECT_OBJC_ISA_USAGE = YES_ERROR;
				CLANG_WARN_DOCUMENTATION_COMMENTS = YES;
				CLANG_WARN_EMPTY_BODY = YES;
				CLANG_WARN_ENUM_CONVERSION = YES;
				CLANG_WARN_INFINITE_RECURSION = YES;
				CLANG_WARN_INT_CONVERSION = YES;
				CLANG_WARN_NON_LITERAL_NULL_CONVERSION = YES;
				CLANG_WARN_OBJC_IMPLICIT_RETAIN_SELF = YES;
				CLANG_WARN_OBJC_LITERAL_CONVERSION = YES;
				CLANG_WARN_OBJC_ROOT_CLASS = YES_ERROR;
				CLANG_WARN_RANGE_LOOP_ANALYSIS = YES;
				CLANG_WARN_STRICT_PROTOTYPES = YES;
				CLANG_WARN_SUSPICIOUS_MOVE = YES;
				CLANG_WARN_UNGUARDED_AVAILABILITY = YES_AGGRESSIVE;
				CLANG_WARN_UNREACHABLE_CODE = YES;
				CLANG_WARN__DUPLICATE_METHOD_MATCH = YES;
				CODE_SIGN_IDENTITY = "-";
				COPY_PHASE_STRIP = NO;
				DEBUG_INFORMATION_FORMAT = dwarf;
				ENABLE_STRICT_OBJC_MSGSEND = YES;
				ENABLE_TESTABILITY = YES;
				GCC_C_LANGUAGE_STANDARD = gnu11;
				GCC_DYNAMIC_NO_PIC = NO;
				GCC_NO_COMMON_BLOCKS = YES;
				GCC_OPTIMIZATION_LEVEL = 0;
				GCC_PREPROCESSOR_DEFINITIONS = (
					"DEBUG=1",
					"$(inherited)",
				);
				GCC_WARN_64_TO_32_BIT_CONVERSION = YES;
				GCC_WARN_ABOUT_RETURN_TYPE = YES_ERROR;
				GCC_WARN_UNDECLARED_SELECTOR = YES;
				GCC_WARN_UNINITIALIZED_AUTOS = YES_AGGRESSIVE;
				GCC_WARN_UNUSED_FUNCTION = YES;
				GCC_WARN_UNUSED_VARIABLE = YES;
				MACOSX_DEPLOYMENT_TARGET = 10.13;
				MTL_ENABLE_DEBUG_INFO = INCLUDE_SOURCE;
				MTL_FAST_MATH = YES;
				ONLY_ACTIVE_ARCH = YES;
				SDKROOT = macosx;
			};
			name = Debug;
		};
		1D856C6A21F1407D00E16363 /* Release */ = {
			isa = XCBuildConfiguration;
			buildSettings = {
				ALWAYS_SEARCH_USER_PATHS = NO;
				CLANG_ANALYZER_NONNULL = YES;
				CLANG_ANALYZER_NUMBER_OBJECT_CONVERSION = YES_AGGRESSIVE;
				CLANG_CXX_LANGUAGE_STANDARD = "gnu++14";
				CLANG_CXX_LIBRARY = "libc++";
				CLANG_ENABLE_MODULES = YES;
				CLANG_ENABLE_OBJC_ARC = YES;
				CLANG_ENABLE_OBJC_WEAK = YES;
				CLANG_WARN_BLOCK_CAPTURE_AUTORELEASING = YES;
				CLANG_WARN_BOOL_CONVERSION = YES;
				CLANG_WARN_COMMA = YES;
				CLANG_WARN_CONSTANT_CONVERSION = YES;
				CLANG_WARN_DEPRECATED_OBJC_IMPLEMENTATIONS = YES;
				CLANG_WARN_DIRECT_OBJC_ISA_USAGE = YES_ERROR;
				CLANG_WARN_DOCUMENTATION_COMMENTS = YES;
				CLANG_WARN_EMPTY_BODY = YES;
				CLANG_WARN_ENUM_CONVERSION = YES;
				CLANG_WARN_INFINITE_RECURSION = YES;
				CLANG_WARN_INT_CONVERSION = YES;
				CLANG_WARN_NON_LITERAL_NULL_CONVERSION = YES;
				CLANG_WARN_OBJC_IMPLICIT_RETAIN_SELF = YES;
				CLANG_WARN_OBJC_LITERAL_CONVERSION = YES;
				CLANG_WARN_OBJC_ROOT_CLASS = YES_ERROR;
				CLANG_WARN_RANGE_LOOP_ANALYSIS = YES;
				CLANG_WARN_STRICT_PROTOTYPES = YES;
				CLANG_WARN_SUSPICIOUS_MOVE = YES;
				CLANG_WARN_UNGUARDED_AVAILABILITY = YES_AGGRESSIVE;
				CLANG_WARN_UNREACHABLE_CODE = YES;
				CLANG_WARN__DUPLICATE_METHOD_MATCH = YES;
				CODE_SIGN_IDENTITY = "-";
				COPY_PHASE_STRIP = NO;
				DEBUG_INFORMATION_FORMAT = "dwarf-with-dsym";
				ENABLE_NS_ASSERTIONS = NO;
				ENABLE_STRICT_OBJC_MSGSEND = YES;
				GCC_C_LANGUAGE_STANDARD = gnu11;
				GCC_NO_COMMON_BLOCKS = YES;
				GCC_WARN_64_TO_32_BIT_CONVERSION = YES;
				GCC_WARN_ABOUT_RETURN_TYPE = YES_ERROR;
				GCC_WARN_UNDECLARED_SELECTOR = YES;
				GCC_WARN_UNINITIALIZED_AUTOS = YES_AGGRESSIVE;
				GCC_WARN_UNUSED_FUNCTION = YES;
				GCC_WARN_UNUSED_VARIABLE = YES;
				MACOSX_DEPLOYMENT_TARGET = 10.13;
				MTL_ENABLE_DEBUG_INFO = NO;
				MTL_FAST_MATH = YES;
				SDKROOT = macosx;
			};
			name = Release;
		};
		1D856C6C21F1407D00E16363 /* Debug */ = {
			isa = XCBuildConfiguration;
			buildSettings = {
				CODE_SIGN_STYLE = Automatic;
				HEADER_SEARCH_PATHS = (
					"/usr/local/include/freetype2/**",
					"/usr/local/include/**",
				);
				LIBRARY_SEARCH_PATHS = "/usr/local/lib/**";
				PRODUCT_NAME = "$(TARGET_NAME)";
			};
			name = Debug;
		};
		1D856C6D21F1407D00E16363 /* Release */ = {
			isa = XCBuildConfiguration;
			buildSettings = {
				CODE_SIGN_STYLE = Automatic;
				HEADER_SEARCH_PATHS = (
					"/usr/local/include/freetype2/**",
					"/usr/local/include/**",
				);
				LIBRARY_SEARCH_PATHS = "/usr/local/lib/**";
				PRODUCT_NAME = "$(TARGET_NAME)";
			};
			name = Release;
		};
/* End XCBuildConfiguration section */

/* Begin XCConfigurationList section */
		1D856C5F21F1407D00E16363 /* Build configuration list for PBXProject "RTRendering" */ = {
			isa = XCConfigurationList;
			buildConfigurations = (
				1D856C6921F1407D00E16363 /* Debug */,
				1D856C6A21F1407D00E16363 /* Release */,
			);
			defaultConfigurationIsVisible = 0;
			defaultConfigurationName = Release;
		};
		1D856C6B21F1407D00E16363 /* Build configuration list for PBXNativeTarget "RTRendering" */ = {
			isa = XCConfigurationList;
			buildConfigurations = (
				1D856C6C21F1407D00E16363 /* Debug */,
				1D856C6D21F1407D00E16363 /* Release */,
			);
			defaultConfigurationIsVisible = 0;
			defaultConfigurationName = Release;
		};
/* End XCConfigurationList section */
	};
	rootObject = 1D856C5C21F1407D00E16363 /* Project object */;
}
